
Microsoft Visual Studio Solution File, Format Version 12.00
# Visual Studio 15
VisualStudioVersion = 15.0.26228.9
MinimumVisualStudioVersion = 10.0.40219.1
Project("{2150E333-8FDC-42A3-9474-1A3956D46DE8}") = "Solution Items", "Solution Items", "{5AE7B888-C163-4082-B574-C68CE0C4AA38}"
	ProjectSection(SolutionItems) = preProject
		global.json = global.json
		Nuget.config = Nuget.config
	EndProjectSection
EndProject
Project("{2150E333-8FDC-42A3-9474-1A3956D46DE8}") = "src", "src", "{44FDF9A7-0D73-4518-A37C-C6BF9CE9000C}"
EndProject
Project("{2150E333-8FDC-42A3-9474-1A3956D46DE8}") = "test", "test", "{D4AC714B-C144-4675-8E45-1E6695198694}"
EndProject
Project("{9A19103F-16F7-4668-BE54-9A1E7A4F7556}") = "client", "src\client\client.csproj", "{C0EAC073-6B58-4472-A795-5DA66CAED3D2}"
EndProject
Project("{9A19103F-16F7-4668-BE54-9A1E7A4F7556}") = "resources", "src\resources\resources.csproj", "{3A311F58-B33E-486A-BE8E-64D33269551F}"
EndProject
Project("{9A19103F-16F7-4668-BE54-9A1E7A4F7556}") = "server", "src\server\server.csproj", "{43FB3C2A-AA3B-4BF5-B8F7-C77C4D953E05}"
EndProject
Project("{9A19103F-16F7-4668-BE54-9A1E7A4F7556}") = "resources.test", "test\resources.test\resources.test.csproj", "{4CEAAC50-41DA-458A-A89A-23292AAE1084}"
EndProject
Global
	GlobalSection(SolutionConfigurationPlatforms) = preSolution
		Debug|Any CPU = Debug|Any CPU
		Release|Any CPU = Release|Any CPU
	EndGlobalSection
	GlobalSection(ProjectConfigurationPlatforms) = postSolution
		{C0EAC073-6B58-4472-A795-5DA66CAED3D2}.Debug|Any CPU.ActiveCfg = Debug|Any CPU
		{C0EAC073-6B58-4472-A795-5DA66CAED3D2}.Debug|Any CPU.Build.0 = Debug|Any CPU
		{C0EAC073-6B58-4472-A795-5DA66CAED3D2}.Release|Any CPU.ActiveCfg = Release|Any CPU
		{C0EAC073-6B58-4472-A795-5DA66CAED3D2}.Release|Any CPU.Build.0 = Release|Any CPU
		{3A311F58-B33E-486A-BE8E-64D33269551F}.Debug|Any CPU.ActiveCfg = Debug|Any CPU
		{3A311F58-B33E-486A-BE8E-64D33269551F}.Debug|Any CPU.Build.0 = Debug|Any CPU
		{3A311F58-B33E-486A-BE8E-64D33269551F}.Release|Any CPU.ActiveCfg = Release|Any CPU
		{3A311F58-B33E-486A-BE8E-64D33269551F}.Release|Any CPU.Build.0 = Release|Any CPU
		{43FB3C2A-AA3B-4BF5-B8F7-C77C4D953E05}.Debug|Any CPU.ActiveCfg = Debug|Any CPU
		{43FB3C2A-AA3B-4BF5-B8F7-C77C4D953E05}.Debug|Any CPU.Build.0 = Debug|Any CPU
		{43FB3C2A-AA3B-4BF5-B8F7-C77C4D953E05}.Release|Any CPU.ActiveCfg = Release|Any CPU
		{43FB3C2A-AA3B-4BF5-B8F7-C77C4D953E05}.Release|Any CPU.Build.0 = Release|Any CPU
		{4CEAAC50-41DA-458A-A89A-23292AAE1084}.Debug|Any CPU.ActiveCfg = Debug|Any CPU
		{4CEAAC50-41DA-458A-A89A-23292AAE1084}.Debug|Any CPU.Build.0 = Debug|Any CPU
		{4CEAAC50-41DA-458A-A89A-23292AAE1084}.Release|Any CPU.ActiveCfg = Release|Any CPU
		{4CEAAC50-41DA-458A-A89A-23292AAE1084}.Release|Any CPU.Build.0 = Release|Any CPU
	EndGlobalSection
	GlobalSection(SolutionProperties) = preSolution
		HideSolutionNode = FALSE
	EndGlobalSection
	GlobalSection(NestedProjects) = preSolution
		{C0EAC073-6B58-4472-A795-5DA66CAED3D2} = {44FDF9A7-0D73-4518-A37C-C6BF9CE9000C}
		{3A311F58-B33E-486A-BE8E-64D33269551F} = {44FDF9A7-0D73-4518-A37C-C6BF9CE9000C}
		{43FB3C2A-AA3B-4BF5-B8F7-C77C4D953E05} = {44FDF9A7-0D73-4518-A37C-C6BF9CE9000C}
		{4CEAAC50-41DA-458A-A89A-23292AAE1084} = {D4AC714B-C144-4675-8E45-1E6695198694}
	EndGlobalSection
EndGlobal
